<?xml version="1.0" encoding="utf-8"?>
<Project ToolsVersion="4.0" xmlns="http://schemas.microsoft.com/developer/msbuild/2003">
  <ItemGroup>
    <Filter Include="Source Files">
      <UniqueIdentifier>{4FC737F1-C7A5-4376-A066-2A32D752A2FF}</UniqueIdentifier>
      <Extensions>qml;cpp;c;cc;cxx;def;odl;idl;hpj;bat;asm;asmx</Extensions>
    </Filter>
    <Filter Include="Header Files">
      <UniqueIdentifier>{93995380-89BD-4b04-88EB-625FBE52EBFB}</UniqueIdentifier>
      <Extensions>h;hh;hpp;hxx;hm;inl;inc;xsd</Extensions>
    </Filter>
    <Filter Include="Resource Files">
      <UniqueIdentifier>{67DA6AB6-F800-4c08-8B7A-83BB121AAD01}</UniqueIdentifier>
      <Extensions>qrc;rc;ico;cur;bmp;dlg;rc2;rct;bin;rgs;gif;jpg;jpeg;jpe;resx;tiff;tif;png;wav;mfcribbon-ms</Extensions>
    </Filter>
    <Filter Include="Form Files">
      <UniqueIdentifier>{99349809-55BA-4b9d-BF79-8FDBB0286EB3}</UniqueIdentifier>
      <Extensions>ui</Extensions>
    </Filter>
    <Filter Include="Translation Files">
      <UniqueIdentifier>{639EADAA-A684-42e4-A9AD-28FC9BCB8F7C}</UniqueIdentifier>
      <Extensions>ts</Extensions>
    </Filter>
  </ItemGroup>
  <ItemGroup>
    <QtRcc Include="ImgViewer.qrc">
      <Filter>Resource Files</Filter>
    </QtRcc>
    <QtUic Include="ImgViewer.ui">
      <Filter>Form Files</Filter>
    </QtUic>
    <QtMoc Include="ImgViewer.h">
      <Filter>Header Files</Filter>
    </QtMoc>
    <ClCompile Include="ImgViewer.cpp">
      <Filter>Source Files</Filter>
    </ClCompile>
  </ItemGroup>
  <ItemGroup>
    <ClCompile Include="main.cpp">
      <Filter>Source Files</Filter>
    </ClCompile>
    <ClCompile Include="TileSource.cpp">
      <Filter>Source Files</Filter>
    </ClCompile>
    <ClCompile Include="CompositeTileSource.cpp">
      <Filter>Source Files</Filter>
    </ClCompile>
    <ClCompile Include="TileLayerListModel.cpp">
      <Filter>Source Files</Filter>
    </ClCompile>
    <ClCompile Include="TileSourceDelegate.cpp">
      <Filter>Source Files</Filter>
    </ClCompile>
    <ClCompile Include="OSMTileSource.cpp">
      <Filter>Source Files</Filter>
    </ClCompile>
    <ClCompile Include="GraphicsNetwork.cpp">
      <Filter>Source Files</Filter>
    </ClCompile>
    <ClCompile Include="CompositeTileSourceWidget.cpp">
      <Filter>Source Files</Filter>
    </ClCompile>
    <ClCompile Include="MapGraphicsView.cpp">
      <Filter>Source Files</Filter>
    </ClCompile>
    <ClCompile Include="MapGraphicsScene.cpp">
      <Filter>Source Files</Filter>
    </ClCompile>
    <ClCompile Include="MapGraphicsObject.cpp">
      <Filter>Source Files</Filter>
    </ClCompile>
    <ClCompile Include="MapTileGraphicsObject.cpp">
      <Filter>Source Files</Filter>
    </ClCompile>
    <ClCompile Include="PrivateQGraphicsInfoSource.cpp">
      <Filter>Source Files</Filter>
    </ClCompile>
    <ClCompile Include="PrivateQGraphicsScene.cpp">
      <Filter>Source Files</Filter>
    </ClCompile>
    <ClCompile Include="PrivateQGraphicsView.cpp">
      <Filter>Source Files</Filter>
    </ClCompile>
    <ClCompile Include="Conversions.cpp">
      <Filter>Source Files</Filter>
    </ClCompile>
    <ClCompile Include="Position.cpp">
      <Filter>Source Files</Filter>
    </ClCompile>
    <ClCompile Include="PrivateQGraphicsObject.cpp">
      <Filter>Source Files</Filter>
    </ClCompile>
    <ClCompile Include="CircleObject.cpp">
      <Filter>Source Files</Filter>
    </ClCompile>
    <ClCompile Include="LineObject.cpp">
      <Filter>Source Files</Filter>
    </ClCompile>
    <ClCompile Include="PolygonObject.cpp">
      <Filter>Source Files</Filter>
    </ClCompile>
    <ClCompile Include="GridTileSource.cpp">
      <Filter>Source Files</Filter>
    </ClCompile>
  </ItemGroup>
  <ItemGroup>
    <QtMoc Include="TileSource.h">
      <Filter>Header Files</Filter>
    </QtMoc>
    <QtMoc Include="CompositeTileSource.h">
      <Filter>Header Files</Filter>
    </QtMoc>
    <QtMoc Include="TileLayerListModel.h">
      <Filter>Header Files</Filter>
    </QtMoc>
    <QtMoc Include="TileSourceDelegate.h">
      <Filter>Header Files</Filter>
    </QtMoc>
    <QtMoc Include="OSMTileSource.h">
      <Filter>Header Files</Filter>
    </QtMoc>
    <QtMoc Include="CompositeTileSourceWidget.h">
      <Filter>Header Files</Filter>
    </QtMoc>
    <QtMoc Include="MapGraphicsObject.h">
      <Filter>Header Files</Filter>
    </QtMoc>
    <QtMoc Include="MapGraphicsScene.h">
      <Filter>Header Files</Filter>
    </QtMoc>
    <QtMoc Include="MapGraphicsView.h">
      <Filter>Header Files</Filter>
    </QtMoc>
    <QtMoc Include="MapTileGraphicsObject.h">
      <Filter>Header Files</Filter>
    </QtMoc>
    <QtMoc Include="PrivateQGraphicsView.h">
      <Filter>Header Files</Filter>
    </QtMoc>
    <QtMoc Include="PrivateQGraphicsObject.h">
      <Filter>Header Files</Filter>
    </QtMoc>
    <QtMoc Include="PrivateQGraphicsScene.h">
      <Filter>Header Files</Filter>
    </QtMoc>
    <QtMoc Include="CircleObject.h">
      <Filter>Header Files</Filter>
    </QtMoc>
    <QtMoc Include="LineObject.h">
      <Filter>Header Files</Filter>
    </QtMoc>
    <QtMoc Include="PolygonObject.h">
      <Filter>Header Files</Filter>
    </QtMoc>
    <QtMoc Include="GridTileSource.h">
      <Filter>Header Files</Filter>
    </QtMoc>
  </ItemGroup>
  <ItemGroup>
    <ClInclude Include="GraphicsNetwork.h">
      <Filter>Header Files</Filter>
    </ClInclude>
    <ClInclude Include="PrivateQGraphicsInfoSource.h">
      <Filter>Header Files</Filter>
    </ClInclude>
    <ClInclude Include="Conversions.h">
      <Filter>Header Files</Filter>
    </ClInclude>
    <ClInclude Include="Position.h">
      <Filter>Header Files</Filter>
    </ClInclude>
  </ItemGroup>
  <ItemGroup>
    <QtUic Include="CompositeTileSourceWidget.ui">
      <Filter>Form Files</Filter>
    </QtUic>
  </ItemGroup>
</Project>